{
  "requires": true,
  "lockfileVersion": 1,
  "dependencies": {
    "mobx": {
      "version": "6.3.13",
      "resolved": "https://registry.npmjs.org/mobx/-/mobx-6.3.13.tgz",
      "integrity": "sha512-zDDKDhYUk9QCHQUdLG+wb4Jv/nXutSLt/P8kkwHyjdbrJO4OZS6QTEsrOnrKM39puqXSrJZHdB6+yRys2NBFFA=="
    }
  }
}
